
Microsoft Visual Studio Solution File, Format Version 12.00
# Visual Studio Version 16
VisualStudioVersion = 16.0.31229.75
MinimumVisualStudioVersion = 10.0.40219.1
Project("{FAE04EC0-301F-11D3-BF4B-00C04F79EFBC}") = "CenedQualificando.Web.Admin", "CenedQualificando.Web.Admin\CenedQualificando.Web.Admin.csproj", "{536A5960-09DA-49F0-A1B4-1A9401D11239}"
EndProject
Global
	GlobalSection(SolutionConfigurationPlatforms) = preSolution
		Debug|Any CPU = Debug|Any CPU
		Release|Any CPU = Release|Any CPU
	EndGlobalSection
	GlobalSection(ProjectConfigurationPlatforms) = postSolution
		{536A5960-09DA-49F0-A1B4-1A9401D11239}.Debug|Any CPU.ActiveCfg = Debug|Any CPU
		{536A5960-09DA-49F0-A1B4-1A9401D11239}.Debug|Any CPU.Build.0 = Debug|Any CPU
		{536A5960-09DA-49F0-A1B4-1A9401D11239}.Release|Any CPU.ActiveCfg = Release|Any CPU
		{536A5960-09DA-49F0-A1B4-1A9401D11239}.Release|Any CPU.Build.0 = Release|Any CPU
	EndGlobalSection
	GlobalSection(SolutionProperties) = preSolution
		HideSolutionNode = FALSE
	EndGlobalSection
	GlobalSection(ExtensibilityGlobals) = postSolution
		SolutionGuid = {F004393E-E6E8-40D9-A959-EE817F80E0B5}
	EndGlobalSection
EndGlobal
