
Microsoft Visual Studio Solution File, Format Version 12.00
# Visual Studio Version 16
VisualStudioVersion = 16.0.31229.75
MinimumVisualStudioVersion = 10.0.40219.1
Project("{9A19103F-16F7-4668-BE54-9A1E7A4F7556}") = "CenedQualificando.Web.Admin", "CenedQualificando.Web.Admin\CenedQualificando.Web.Admin.csproj", "{536A5960-09DA-49F0-A1B4-1A9401D11239}"
EndProject
Project("{9A19103F-16F7-4668-BE54-9A1E7A4F7556}") = "CenedQualificando.Infra", "CenedQualificando.Infra\CenedQualificando.Infra.csproj", "{CD1565EF-205C-4FF0-926B-55921C6B72E2}"
EndProject
Project("{9A19103F-16F7-4668-BE54-9A1E7A4F7556}") = "CenedQualificando.Domain", "CenedQualificando.Domain\CenedQualificando.Domain.csproj", "{4575D569-61A3-446C-968A-132973DDEBDE}"
EndProject
Project("{9A19103F-16F7-4668-BE54-9A1E7A4F7556}") = "CenedQualificando.Api", "CenedQualificando.Api\CenedQualificando.Api.csproj", "{99F7A302-209F-4BFD-9E14-2EC6EE1F49BA}"
EndProject
Project("{9A19103F-16F7-4668-BE54-9A1E7A4F7556}") = "CenedQualificando.CrossCutting", "CenedQualificando.CrossCutting\CenedQualificando.CrossCutting.csproj", "{9ACC9371-B72E-46E1-999F-3F4AD0749D27}"
EndProject
Global
	GlobalSection(SolutionConfigurationPlatforms) = preSolution
		Debug|Any CPU = Debug|Any CPU
		Release|Any CPU = Release|Any CPU
	EndGlobalSection
	GlobalSection(ProjectConfigurationPlatforms) = postSolution
		{536A5960-09DA-49F0-A1B4-1A9401D11239}.Debug|Any CPU.ActiveCfg = Debug|Any CPU
		{536A5960-09DA-49F0-A1B4-1A9401D11239}.Debug|Any CPU.Build.0 = Debug|Any CPU
		{536A5960-09DA-49F0-A1B4-1A9401D11239}.Release|Any CPU.ActiveCfg = Release|Any CPU
		{536A5960-09DA-49F0-A1B4-1A9401D11239}.Release|Any CPU.Build.0 = Release|Any CPU
		{CD1565EF-205C-4FF0-926B-55921C6B72E2}.Debug|Any CPU.ActiveCfg = Debug|Any CPU
		{CD1565EF-205C-4FF0-926B-55921C6B72E2}.Debug|Any CPU.Build.0 = Debug|Any CPU
		{CD1565EF-205C-4FF0-926B-55921C6B72E2}.Release|Any CPU.ActiveCfg = Release|Any CPU
		{CD1565EF-205C-4FF0-926B-55921C6B72E2}.Release|Any CPU.Build.0 = Release|Any CPU
		{4575D569-61A3-446C-968A-132973DDEBDE}.Debug|Any CPU.ActiveCfg = Debug|Any CPU
		{4575D569-61A3-446C-968A-132973DDEBDE}.Debug|Any CPU.Build.0 = Debug|Any CPU
		{4575D569-61A3-446C-968A-132973DDEBDE}.Release|Any CPU.ActiveCfg = Release|Any CPU
		{4575D569-61A3-446C-968A-132973DDEBDE}.Release|Any CPU.Build.0 = Release|Any CPU
		{99F7A302-209F-4BFD-9E14-2EC6EE1F49BA}.Debug|Any CPU.ActiveCfg = Debug|Any CPU
		{99F7A302-209F-4BFD-9E14-2EC6EE1F49BA}.Debug|Any CPU.Build.0 = Debug|Any CPU
		{99F7A302-209F-4BFD-9E14-2EC6EE1F49BA}.Release|Any CPU.ActiveCfg = Release|Any CPU
		{99F7A302-209F-4BFD-9E14-2EC6EE1F49BA}.Release|Any CPU.Build.0 = Release|Any CPU
		{9ACC9371-B72E-46E1-999F-3F4AD0749D27}.Debug|Any CPU.ActiveCfg = Debug|Any CPU
		{9ACC9371-B72E-46E1-999F-3F4AD0749D27}.Debug|Any CPU.Build.0 = Debug|Any CPU
		{9ACC9371-B72E-46E1-999F-3F4AD0749D27}.Release|Any CPU.ActiveCfg = Release|Any CPU
		{9ACC9371-B72E-46E1-999F-3F4AD0749D27}.Release|Any CPU.Build.0 = Release|Any CPU
	EndGlobalSection
	GlobalSection(SolutionProperties) = preSolution
		HideSolutionNode = FALSE
	EndGlobalSection
	GlobalSection(ExtensibilityGlobals) = postSolution
		SolutionGuid = {F004393E-E6E8-40D9-A959-EE817F80E0B5}
	EndGlobalSection
EndGlobal
